
Microsoft Visual Studio Solution File, Format Version 11.00
# Visual Studio 2010
# SharpDevelop 4.4
Project("{FAE04EC0-301F-11D3-BF4B-00C04F79EFBC}") = "PV_2_Tugas1_2", "PV_2_Tugas1_2\PV_2_Tugas1_2.csproj", "{AD602DA5-68C7-433F-9745-9B7566FCEE30}"
EndProject
Global
	GlobalSection(SolutionConfigurationPlatforms) = preSolution
		Debug|Any CPU = Debug|Any CPU
		Release|Any CPU = Release|Any CPU
	EndGlobalSection
	GlobalSection(ProjectConfigurationPlatforms) = postSolution
		{AD602DA5-68C7-433F-9745-9B7566FCEE30}.Debug|Any CPU.Build.0 = Debug|Any CPU
		{AD602DA5-68C7-433F-9745-9B7566FCEE30}.Debug|Any CPU.ActiveCfg = Debug|Any CPU
		{AD602DA5-68C7-433F-9745-9B7566FCEE30}.Release|Any CPU.Build.0 = Release|Any CPU
		{AD602DA5-68C7-433F-9745-9B7566FCEE30}.Release|Any CPU.ActiveCfg = Release|Any CPU
	EndGlobalSection
EndGlobal
